
Microsoft Visual Studio Solution File, Format Version 12.00
# Visual Studio Version 16
VisualStudioVersion = 16.0.29926.136
MinimumVisualStudioVersion = 10.0.40219.1
Project("{FAE04EC0-301F-11D3-BF4B-00C04F79EFBC}") = "Instrument_Store.Web", "Instrument_Store.Web.csproj", "{3903DFD3-CBE8-4101-99D0-E566B8FA5E76}"
EndProject
Project("{FAE04EC0-301F-11D3-BF4B-00C04F79EFBC}") = "Instrument_Store.Core", "..\Instrument_Store.Core\Instrument_Store.Core.csproj", "{5E201E49-A3F5-44F4-A453-BFFD0B384FE7}"
EndProject
Project("{FAE04EC0-301F-11D3-BF4B-00C04F79EFBC}") = "Instrument_Store.Infrastructure", "..\Instrument_Store.Infrastructure\Instrument_Store.Infrastructure.csproj", "{BEE3FEAD-C849-4F1D-9875-DBE936C3638A}"
EndProject
Project("{FAE04EC0-301F-11D3-BF4B-00C04F79EFBC}") = "Instrument_Store.Test", "..\Instrument_Store.Test\Instrument_Store.Test.csproj", "{D98EEB58-0B19-4D18-B55E-F7E5DD34D949}"
EndProject
Global
	GlobalSection(SolutionConfigurationPlatforms) = preSolution
		Debug|Any CPU = Debug|Any CPU
		Release|Any CPU = Release|Any CPU
	EndGlobalSection
	GlobalSection(ProjectConfigurationPlatforms) = postSolution
		{3903DFD3-CBE8-4101-99D0-E566B8FA5E76}.Debug|Any CPU.ActiveCfg = Debug|Any CPU
		{3903DFD3-CBE8-4101-99D0-E566B8FA5E76}.Debug|Any CPU.Build.0 = Debug|Any CPU
		{3903DFD3-CBE8-4101-99D0-E566B8FA5E76}.Release|Any CPU.ActiveCfg = Release|Any CPU
		{3903DFD3-CBE8-4101-99D0-E566B8FA5E76}.Release|Any CPU.Build.0 = Release|Any CPU
		{5E201E49-A3F5-44F4-A453-BFFD0B384FE7}.Debug|Any CPU.ActiveCfg = Debug|Any CPU
		{5E201E49-A3F5-44F4-A453-BFFD0B384FE7}.Debug|Any CPU.Build.0 = Debug|Any CPU
		{5E201E49-A3F5-44F4-A453-BFFD0B384FE7}.Release|Any CPU.ActiveCfg = Release|Any CPU
		{5E201E49-A3F5-44F4-A453-BFFD0B384FE7}.Release|Any CPU.Build.0 = Release|Any CPU
		{BEE3FEAD-C849-4F1D-9875-DBE936C3638A}.Debug|Any CPU.ActiveCfg = Debug|Any CPU
		{BEE3FEAD-C849-4F1D-9875-DBE936C3638A}.Debug|Any CPU.Build.0 = Debug|Any CPU
		{BEE3FEAD-C849-4F1D-9875-DBE936C3638A}.Release|Any CPU.ActiveCfg = Release|Any CPU
		{BEE3FEAD-C849-4F1D-9875-DBE936C3638A}.Release|Any CPU.Build.0 = Release|Any CPU
		{D98EEB58-0B19-4D18-B55E-F7E5DD34D949}.Debug|Any CPU.ActiveCfg = Debug|Any CPU
		{D98EEB58-0B19-4D18-B55E-F7E5DD34D949}.Debug|Any CPU.Build.0 = Debug|Any CPU
		{D98EEB58-0B19-4D18-B55E-F7E5DD34D949}.Release|Any CPU.ActiveCfg = Release|Any CPU
		{D98EEB58-0B19-4D18-B55E-F7E5DD34D949}.Release|Any CPU.Build.0 = Release|Any CPU
	EndGlobalSection
	GlobalSection(SolutionProperties) = preSolution
		HideSolutionNode = FALSE
	EndGlobalSection
	GlobalSection(ExtensibilityGlobals) = postSolution
		SolutionGuid = {5F5123B5-FAA3-4495-A5F4-8722743F7ABB}
	EndGlobalSection
EndGlobal
